// !$*UTF8*$!
{
	archiveVersion = 1;
	classes = {
	};
	objectVersion = 50;
	objects = {

/* Begin PBXBuildFile section */
		330FB847247E7549004F576B /* AppDelegate.swift in Sources */ = {isa = PBXBuildFile; fileRef = 330FB846247E7549004F576B /* AppDelegate.swift */; };
		330FB849247E7549004F576B /* SceneDelegate.swift in Sources */ = {isa = PBXBuildFile; fileRef = 330FB848247E7549004F576B /* SceneDelegate.swift */; };
		330FB84B247E7549004F576B /* ContentView.swift in Sources */ = {isa = PBXBuildFile; fileRef = 330FB84A247E7549004F576B /* ContentView.swift */; };
		330FB84D247E754A004F576B /* Assets.xcassets in Resources */ = {isa = PBXBuildFile; fileRef = 330FB84C247E754A004F576B /* Assets.xcassets */; };
		330FB850247E754A004F576B /* Preview Assets.xcassets in Resources */ = {isa = PBXBuildFile; fileRef = 330FB84F247E754A004F576B /* Preview Assets.xcassets */; };
		330FB853247E754A004F576B /* LaunchScreen.storyboard in Resources */ = {isa = PBXBuildFile; fileRef = 330FB851247E754A004F576B /* LaunchScreen.storyboard */; };
		3382855E247E76FC008B03F7 /* Comic.swift in Sources */ = {isa = PBXBuildFile; fileRef = 3382855D247E76FC008B03F7 /* Comic.swift */; };
		3383CD532480018A0033E382 /* LabeledTextField.swift in Sources */ = {isa = PBXBuildFile; fileRef = 3383CD522480018A0033E382 /* LabeledTextField.swift */; };
		3383CD55248001F40033E382 /* FormView.swift in Sources */ = {isa = PBXBuildFile; fileRef = 3383CD54248001F40033E382 /* FormView.swift */; };
		3383CD57248002BE0033E382 /* ComicListView.swift in Sources */ = {isa = PBXBuildFile; fileRef = 3383CD56248002BE0033E382 /* ComicListView.swift */; };
		3383CD5924800B580033E382 /* ComicDetailsView.swift in Sources */ = {isa = PBXBuildFile; fileRef = 3383CD5824800B580033E382 /* ComicDetailsView.swift */; };
		33B1EC34247E985000BC8341 /* Library.swift in Sources */ = {isa = PBXBuildFile; fileRef = 33B1EC33247E985000BC8341 /* Library.swift */; };
/* End PBXBuildFile section */

/* Begin PBXFileReference section */
		330FB843247E7549004F576B /* Comics SwiftUI.app */ = {isa = PBXFileReference; explicitFileType = wrapper.application; includeInIndex = 0; path = "Comics SwiftUI.app"; sourceTree = BUILT_PRODUCTS_DIR; };
		330FB846247E7549004F576B /* AppDelegate.swift */ = {isa = PBXFileReference; lastKnownFileType = sourcecode.swift; path = AppDelegate.swift; sourceTree = "<group>"; };
		330FB848247E7549004F576B /* SceneDelegate.swift */ = {isa = PBXFileReference; lastKnownFileType = sourcecode.swift; path = SceneDelegate.swift; sourceTree = "<group>"; };
		330FB84A247E7549004F576B /* ContentView.swift */ = {isa = PBXFileReference; lastKnownFileType = sourcecode.swift; path = ContentView.swift; sourceTree = "<group>"; };
		330FB84C247E754A004F576B /* Assets.xcassets */ = {isa = PBXFileReference; lastKnownFileType = folder.assetcatalog; path = Assets.xcassets; sourceTree = "<group>"; };
		330FB84F247E754A004F576B /* Preview Assets.xcassets */ = {isa = PBXFileReference; lastKnownFileType = folder.assetcatalog; path = "Preview Assets.xcassets"; sourceTree = "<group>"; };
		330FB852247E754A004F576B /* Base */ = {isa = PBXFileReference; lastKnownFileType = file.storyboard; name = Base; path = Base.lproj/LaunchScreen.storyboard; sourceTree = "<group>"; };
		330FB854247E754A004F576B /* Info.plist */ = {isa = PBXFileReference; lastKnownFileType = text.plist.xml; path = Info.plist; sourceTree = "<group>"; };
		3382855D247E76FC008B03F7 /* Comic.swift */ = {isa = PBXFileReference; lastKnownFileType = sourcecode.swift; path = Comic.swift; sourceTree = SOURCE_ROOT; };
		3383CD522480018A0033E382 /* LabeledTextField.swift */ = {isa = PBXFileReference; lastKnownFileType = sourcecode.swift; path = LabeledTextField.swift; sourceTree = "<group>"; };
		3383CD54248001F40033E382 /* FormView.swift */ = {isa = PBXFileReference; lastKnownFileType = sourcecode.swift; path = FormView.swift; sourceTree = "<group>"; };
		3383CD56248002BE0033E382 /* ComicListView.swift */ = {isa = PBXFileReference; lastKnownFileType = sourcecode.swift; path = ComicListView.swift; sourceTree = "<group>"; };
		3383CD5824800B580033E382 /* ComicDetailsView.swift */ = {isa = PBXFileReference; lastKnownFileType = sourcecode.swift; path = ComicDetailsView.swift; sourceTree = "<group>"; };
		3383CD5A24800D210033E382 /* Comics SwiftUI.entitlements */ = {isa = PBXFileReference; lastKnownFileType = text.plist.entitlements; path = "Comics SwiftUI.entitlements"; sourceTree = "<group>"; };
		33B1EC33247E985000BC8341 /* Library.swift */ = {isa = PBXFileReference; lastKnownFileType = sourcecode.swift; path = Library.swift; sourceTree = "<group>"; };
/* End PBXFileReference section */

/* Begin PBXFrameworksBuildPhase section */
		330FB840247E7549004F576B /* Frameworks */ = {
			isa = PBXFrameworksBuildPhase;
			buildActionMask = 2147483647;
			files = (
			);
			runOnlyForDeploymentPostprocessing = 0;
		};
/* End PBXFrameworksBuildPhase section */

/* Begin PBXGroup section */
		330FB83A247E7549004F576B = {
			isa = PBXGroup;
			children = (
				330FB845247E7549004F576B /* Comics SwiftUI */,
				330FB844247E7549004F576B /* Products */,
			);
			sourceTree = "<group>";
		};
		330FB844247E7549004F576B /* Products */ = {
			isa = PBXGroup;
			children = (
				330FB843247E7549004F576B /* Comics SwiftUI.app */,
			);
			name = Products;
			sourceTree = "<group>";
		};
		330FB845247E7549004F576B /* Comics SwiftUI */ = {
			isa = PBXGroup;
			children = (
				3383CD5A24800D210033E382 /* Comics SwiftUI.entitlements */,
				3382855D247E76FC008B03F7 /* Comic.swift */,
				33B1EC33247E985000BC8341 /* Library.swift */,
				330FB846247E7549004F576B /* AppDelegate.swift */,
				330FB848247E7549004F576B /* SceneDelegate.swift */,
				330FB84A247E7549004F576B /* ContentView.swift */,
				3383CD5824800B580033E382 /* ComicDetailsView.swift */,
				3383CD522480018A0033E382 /* LabeledTextField.swift */,
				3383CD54248001F40033E382 /* FormView.swift */,
				3383CD56248002BE0033E382 /* ComicListView.swift */,
				330FB84C247E754A004F576B /* Assets.xcassets */,
				330FB851247E754A004F576B /* LaunchScreen.storyboard */,
				330FB854247E754A004F576B /* Info.plist */,
				330FB84E247E754A004F576B /* Preview Content */,
			);
			path = "Comics SwiftUI";
			sourceTree = "<group>";
		};
		330FB84E247E754A004F576B /* Preview Content */ = {
			isa = PBXGroup;
			children = (
				330FB84F247E754A004F576B /* Preview Assets.xcassets */,
			);
			path = "Preview Content";
			sourceTree = "<group>";
		};
/* End PBXGroup section */

/* Begin PBXNativeTarget section */
		330FB842247E7549004F576B /* Comics SwiftUI */ = {
			isa = PBXNativeTarget;
			buildConfigurationList = 330FB857247E754A004F576B /* Build configuration list for PBXNativeTarget "Comics SwiftUI" */;
			buildPhases = (
				330FB83F247E7549004F576B /* Sources */,
				330FB840247E7549004F576B /* Frameworks */,
				330FB841247E7549004F576B /* Resources */,
			);
			buildRules = (
			);
			dependencies = (
			);
			name = "Comics SwiftUI";
			productName = "Comics SwiftUI";
			productReference = 330FB843247E7549004F576B /* Comics SwiftUI.app */;
			productType = "com.apple.product-type.application";
		};
/* End PBXNativeTarget section */

/* Begin PBXProject section */
		330FB83B247E7549004F576B /* Project object */ = {
			isa = PBXProject;
			attributes = {
				LastSwiftUpdateCheck = 1150;
				LastUpgradeCheck = 1150;
				ORGANIZATIONNAME = Tectec;
				TargetAttributes = {
					330FB842247E7549004F576B = {
						CreatedOnToolsVersion = 11.5;
					};
				};
			};
			buildConfigurationList = 330FB83E247E7549004F576B /* Build configuration list for PBXProject "Comics SwiftUI" */;
			compatibilityVersion = "Xcode 9.3";
			developmentRegion = en;
			hasScannedForEncodings = 0;
			knownRegions = (
				en,
				Base,
			);
			mainGroup = 330FB83A247E7549004F576B;
			productRefGroup = 330FB844247E7549004F576B /* Products */;
			projectDirPath = "";
			projectRoot = "";
			targets = (
				330FB842247E7549004F576B /* Comics SwiftUI */,
			);
		};
/* End PBXProject section */

/* Begin PBXResourcesBuildPhase section */
		330FB841247E7549004F576B /* Resources */ = {
			isa = PBXResourcesBuildPhase;
			buildActionMask = 2147483647;
			files = (
				330FB853247E754A004F576B /* LaunchScreen.storyboard in Resources */,
				330FB850247E754A004F576B /* Preview Assets.xcassets in Resources */,
				330FB84D247E754A004F576B /* Assets.xcassets in Resources */,
			);
			runOnlyForDeploymentPostprocessing = 0;
		};
/* End PBXResourcesBuildPhase section */

/* Begin PBXSourcesBuildPhase section */
		330FB83F247E7549004F576B /* Sources */ = {
			isa = PBXSourcesBuildPhase;
			buildActionMask = 2147483647;
			files = (
				3383CD57248002BE0033E382 /* ComicListView.swift in Sources */,
				330FB847247E7549004F576B /* AppDelegate.swift in Sources */,
				3382855E247E76FC008B03F7 /* Comic.swift in Sources */,
				3383CD55248001F40033E382 /* FormView.swift in Sources */,
				33B1EC34247E985000BC8341 /* Library.swift in Sources */,
				330FB849247E7549004F576B /* SceneDelegate.swift in Sources */,
				3383CD5924800B580033E382 /* ComicDetailsView.swift in Sources */,
				330FB84B247E7549004F576B /* ContentView.swift in Sources */,
				3383CD532480018A0033E382 /* LabeledTextField.swift in Sources */,
			);
			runOnlyForDeploymentPostprocessing = 0;
		};
/* End PBXSourcesBuildPhase section */

/* Begin PBXVariantGroup section */
		330FB851247E754A004F576B /* LaunchScreen.storyboard */ = {
			isa = PBXVariantGroup;
			children = (
				330FB852247E754A004F576B /* Base */,
			);
			name = LaunchScreen.storyboard;
			sourceTree = "<group>";
		};
/* End PBXVariantGroup section */

/* Begin XCBuildConfiguration section */
		330FB855247E754A004F576B /* Debug */ = {
			isa = XCBuildConfiguration;
			buildSettings = {
				ALWAYS_SEARCH_USER_PATHS = NO;
				CLANG_ANALYZER_NONNULL = YES;
				CLANG_ANALYZER_NUMBER_OBJECT_CONVERSION = YES_AGGRESSIVE;
				CLANG_CXX_LANGUAGE_STANDARD = "gnu++14";
				CLANG_CXX_LIBRARY = "libc++";
				CLANG_ENABLE_MODULES = YES;
				CLANG_ENABLE_OBJC_ARC = YES;
				CLANG_ENABLE_OBJC_WEAK = YES;
				CLANG_WARN_BLOCK_CAPTURE_AUTORELEASING = YES;
				CLANG_WARN_BOOL_CONVERSION = YES;
				CLANG_WARN_COMMA = YES;
				CLANG_WARN_CONSTANT_CONVERSION = YES;
				CLANG_WARN_DEPRECATED_OBJC_IMPLEMENTATIONS = YES;
				CLANG_WARN_DIRECT_OBJC_ISA_USAGE = YES_ERROR;
				CLANG_WARN_DOCUMENTATION_COMMENTS = YES;
				CLANG_WARN_EMPTY_BODY = YES;
				CLANG_WARN_ENUM_CONVERSION = YES;
				CLANG_WARN_INFINITE_RECURSION = YES;
				CLANG_WARN_INT_CONVERSION = YES;
				CLANG_WARN_NON_LITERAL_NULL_CONVERSION = YES;
				CLANG_WARN_OBJC_IMPLICIT_RETAIN_SELF = YES;
				CLANG_WARN_OBJC_LITERAL_CONVERSION = YES;
				CLANG_WARN_OBJC_ROOT_CLASS = YES_ERROR;
				CLANG_WARN_RANGE_LOOP_ANALYSIS = YES;
				CLANG_WARN_STRICT_PROTOTYPES = YES;
				CLANG_WARN_SUSPICIOUS_MOVE = YES;
				CLANG_WARN_UNGUARDED_AVAILABILITY = YES_AGGRESSIVE;
				CLANG_WARN_UNREACHABLE_CODE = YES;
				CLANG_WARN__DUPLICATE_METHOD_MATCH = YES;
				COPY_PHASE_STRIP = NO;
				DEBUG_INFORMATION_FORMAT = dwarf;
				ENABLE_STRICT_OBJC_MSGSEND = YES;
				ENABLE_TESTABILITY = YES;
				GCC_C_LANGUAGE_STANDARD = gnu11;
				GCC_DYNAMIC_NO_PIC = NO;
				GCC_NO_COMMON_BLOCKS = YES;
				GCC_OPTIMIZATION_LEVEL = 0;
				GCC_PREPROCESSOR_DEFINITIONS = (
					"DEBUG=1",
					"$(inherited)",
				);
				GCC_WARN_64_TO_32_BIT_CONVERSION = YES;
				GCC_WARN_ABOUT_RETURN_TYPE = YES_ERROR;
				GCC_WARN_UNDECLARED_SELECTOR = YES;
				GCC_WARN_UNINITIALIZED_AUTOS = YES_AGGRESSIVE;
				GCC_WARN_UNUSED_FUNCTION = YES;
				GCC_WARN_UNUSED_VARIABLE = YES;
				IPHONEOS_DEPLOYMENT_TARGET = 13.5;
				MTL_ENABLE_DEBUG_INFO = INCLUDE_SOURCE;
				MTL_FAST_MATH = YES;
				ONLY_ACTIVE_ARCH = YES;
				SDKROOT = iphoneos;
				SWIFT_ACTIVE_COMPILATION_CONDITIONS = DEBUG;
				SWIFT_OPTIMIZATION_LEVEL = "-Onone";
			};
			name = Debug;
		};
		330FB856247E754A004F576B /* Release */ = {
			isa = XCBuildConfiguration;
			buildSettings = {
				ALWAYS_SEARCH_USER_PATHS = NO;
				CLANG_ANALYZER_NONNULL = YES;
				CLANG_ANALYZER_NUMBER_OBJECT_CONVERSION = YES_AGGRESSIVE;
				CLANG_CXX_LANGUAGE_STANDARD = "gnu++14";
				CLANG_CXX_LIBRARY = "libc++";
				CLANG_ENABLE_MODULES = YES;
				CLANG_ENABLE_OBJC_ARC = YES;
				CLANG_ENABLE_OBJC_WEAK = YES;
				CLANG_WARN_BLOCK_CAPTURE_AUTORELEASING = YES;
				CLANG_WARN_BOOL_CONVERSION = YES;
				CLANG_WARN_COMMA = YES;
				CLANG_WARN_CONSTANT_CONVERSION = YES;
				CLANG_WARN_DEPRECATED_OBJC_IMPLEMENTATIONS = YES;
				CLANG_WARN_DIRECT_OBJC_ISA_USAGE = YES_ERROR;
				CLANG_WARN_DOCUMENTATION_COMMENTS = YES;
				CLANG_WARN_EMPTY_BODY = YES;
				CLANG_WARN_ENUM_CONVERSION = YES;
				CLANG_WARN_INFINITE_RECURSION = YES;
				CLANG_WARN_INT_CONVERSION = YES;
				CLANG_WARN_NON_LITERAL_NULL_CONVERSION = YES;
				CLANG_WARN_OBJC_IMPLICIT_RETAIN_SELF = YES;
				CLANG_WARN_OBJC_LITERAL_CONVERSION = YES;
				CLANG_WARN_OBJC_ROOT_CLASS = YES_ERROR;
				CLANG_WARN_RANGE_LOOP_ANALYSIS = YES;
				CLANG_WARN_STRICT_PROTOTYPES = YES;
				CLANG_WARN_SUSPICIOUS_MOVE = YES;
				CLANG_WARN_UNGUARDED_AVAILABILITY = YES_AGGRESSIVE;
				CLANG_WARN_UNREACHABLE_CODE = YES;
				CLANG_WARN__DUPLICATE_METHOD_MATCH = YES;
				COPY_PHASE_STRIP = NO;
				DEBUG_INFORMATION_FORMAT = "dwarf-with-dsym";
				ENABLE_NS_ASSERTIONS = NO;
				ENABLE_STRICT_OBJC_MSGSEND = YES;
				GCC_C_LANGUAGE_STANDARD = gnu11;
				GCC_NO_COMMON_BLOCKS = YES;
				GCC_WARN_64_TO_32_BIT_CONVERSION = YES;
				GCC_WARN_ABOUT_RETURN_TYPE = YES_ERROR;
				GCC_WARN_UNDECLARED_SELECTOR = YES;
				GCC_WARN_UNINITIALIZED_AUTOS = YES_AGGRESSIVE;
				GCC_WARN_UNUSED_FUNCTION = YES;
				GCC_WARN_UNUSED_VARIABLE = YES;
				IPHONEOS_DEPLOYMENT_TARGET = 13.5;
				MTL_ENABLE_DEBUG_INFO = NO;
				MTL_FAST_MATH = YES;
				SDKROOT = iphoneos;
				SWIFT_COMPILATION_MODE = wholemodule;
				SWIFT_OPTIMIZATION_LEVEL = "-O";
				VALIDATE_PRODUCT = YES;
			};
			name = Release;
		};
		330FB858247E754A004F576B /* Debug */ = {
			isa = XCBuildConfiguration;
			buildSettings = {
				ASSETCATALOG_COMPILER_APPICON_NAME = AppIcon;
				CODE_SIGN_ENTITLEMENTS = "Comics SwiftUI/Comics SwiftUI.entitlements";
				CODE_SIGN_STYLE = Automatic;
				DEVELOPMENT_ASSET_PATHS = "\"Comics SwiftUI/Preview Content\"";
				DEVELOPMENT_TEAM = A7SGM6JEMA;
				ENABLE_PREVIEWS = YES;
				INFOPLIST_FILE = "Comics SwiftUI/Info.plist";
				LD_RUNPATH_SEARCH_PATHS = (
					"$(inherited)",
					"@executable_path/Frameworks",
				);
				PRODUCT_BUNDLE_IDENTIFIER = "fr.tectec.humancoders.may20.Comics-SwiftUI";
				PRODUCT_NAME = "$(TARGET_NAME)";
				SUPPORTS_MACCATALYST = YES;
				SWIFT_VERSION = 5.0;
				TARGETED_DEVICE_FAMILY = "1,2";
			};
			name = Debug;
		};
		330FB859247E754A004F576B /* Release */ = {
			isa = XCBuildConfiguration;
			buildSettings = {
				ASSETCATALOG_COMPILER_APPICON_NAME = AppIcon;
				CODE_SIGN_ENTITLEMENTS = "Comics SwiftUI/Comics SwiftUI.entitlements";
				CODE_SIGN_STYLE = Automatic;
				DEVELOPMENT_ASSET_PATHS = "\"Comics SwiftUI/Preview Content\"";
				DEVELOPMENT_TEAM = A7SGM6JEMA;
				ENABLE_PREVIEWS = YES;
				INFOPLIST_FILE = "Comics SwiftUI/Info.plist";
				LD_RUNPATH_SEARCH_PATHS = (
					"$(inherited)",
					"@executable_path/Frameworks",
				);
				PRODUCT_BUNDLE_IDENTIFIER = "fr.tectec.humancoders.may20.Comics-SwiftUI";
				PRODUCT_NAME = "$(TARGET_NAME)";
				SUPPORTS_MACCATALYST = YES;
				SWIFT_VERSION = 5.0;
				TARGETED_DEVICE_FAMILY = "1,2";
			};
			name = Release;
		};
/* End XCBuildConfiguration section */

/* Begin XCConfigurationList section */
		330FB83E247E7549004F576B /* Build configuration list for PBXProject "Comics SwiftUI" */ = {
			isa = XCConfigurationList;
			buildConfigurations = (
				330FB855247E754A004F576B /* Debug */,
				330FB856247E754A004F576B /* Release */,
			);
			defaultConfigurationIsVisible = 0;
			defaultConfigurationName = Release;
		};
		330FB857247E754A004F576B /* Build configuration list for PBXNativeTarget "Comics SwiftUI" */ = {
			isa = XCConfigurationList;
			buildConfigurations = (
				330FB858247E754A004F576B /* Debug */,
				330FB859247E754A004F576B /* Release */,
			);
			defaultConfigurationIsVisible = 0;
			defaultConfigurationName = Release;
		};
/* End XCConfigurationList section */
	};
	rootObject = 330FB83B247E7549004F576B /* Project object */;
}
