// !$*UTF8*$!
{
	archiveVersion = 1;
	classes = {
	};
	objectVersion = 50;
	objects = {

/* Begin PBXBuildFile section */
		330FB823247D2241004F576B /* AppDelegate.swift in Sources */ = {isa = PBXBuildFile; fileRef = 330FB822247D2241004F576B /* AppDelegate.swift */; };
		330FB825247D2241004F576B /* SceneDelegate.swift in Sources */ = {isa = PBXBuildFile; fileRef = 330FB824247D2241004F576B /* SceneDelegate.swift */; };
		330FB827247D2241004F576B /* ViewController.swift in Sources */ = {isa = PBXBuildFile; fileRef = 330FB826247D2241004F576B /* ViewController.swift */; };
		330FB82A247D2241004F576B /* Main.storyboard in Resources */ = {isa = PBXBuildFile; fileRef = 330FB828247D2241004F576B /* Main.storyboard */; };
		330FB82C247D2245004F576B /* Assets.xcassets in Resources */ = {isa = PBXBuildFile; fileRef = 330FB82B247D2245004F576B /* Assets.xcassets */; };
		330FB82F247D2245004F576B /* LaunchScreen.storyboard in Resources */ = {isa = PBXBuildFile; fileRef = 330FB82D247D2245004F576B /* LaunchScreen.storyboard */; };
		330FB837247D46FA004F576B /* Comic.swift in Sources */ = {isa = PBXBuildFile; fileRef = 330FB836247D46FA004F576B /* Comic.swift */; };
		330FB839247D471D004F576B /* Library.swift in Sources */ = {isa = PBXBuildFile; fileRef = 330FB838247D471D004F576B /* Library.swift */; };
		3383CDA2248144830033E382 /* ComicsTests.swift in Sources */ = {isa = PBXBuildFile; fileRef = 3383CDA1248144830033E382 /* ComicsTests.swift */; };
		3383CDB0248148F00033E382 /* ComicsUITests.swift in Sources */ = {isa = PBXBuildFile; fileRef = 3383CDAF248148F00033E382 /* ComicsUITests.swift */; };
		33B1EC36247FA18A00BC8341 /* ComicsTableViewController.swift in Sources */ = {isa = PBXBuildFile; fileRef = 33B1EC35247FA18A00BC8341 /* ComicsTableViewController.swift */; };
		33B1EC39247FC1CF00BC8341 /* ComicDetailsViewController.swift in Sources */ = {isa = PBXBuildFile; fileRef = 33B1EC38247FC1CF00BC8341 /* ComicDetailsViewController.swift */; };
/* End PBXBuildFile section */

/* Begin PBXContainerItemProxy section */
		3383CDA4248144830033E382 /* PBXContainerItemProxy */ = {
			isa = PBXContainerItemProxy;
			containerPortal = 330FB817247D2241004F576B /* Project object */;
			proxyType = 1;
			remoteGlobalIDString = 330FB81E247D2241004F576B;
			remoteInfo = Comics;
		};
		3383CDB2248148F00033E382 /* PBXContainerItemProxy */ = {
			isa = PBXContainerItemProxy;
			containerPortal = 330FB817247D2241004F576B /* Project object */;
			proxyType = 1;
			remoteGlobalIDString = 330FB81E247D2241004F576B;
			remoteInfo = Comics;
		};
/* End PBXContainerItemProxy section */

/* Begin PBXFileReference section */
		330FB81F247D2241004F576B /* Comics.app */ = {isa = PBXFileReference; explicitFileType = wrapper.application; includeInIndex = 0; path = Comics.app; sourceTree = BUILT_PRODUCTS_DIR; };
		330FB822247D2241004F576B /* AppDelegate.swift */ = {isa = PBXFileReference; lastKnownFileType = sourcecode.swift; path = AppDelegate.swift; sourceTree = "<group>"; };
		330FB824247D2241004F576B /* SceneDelegate.swift */ = {isa = PBXFileReference; lastKnownFileType = sourcecode.swift; path = SceneDelegate.swift; sourceTree = "<group>"; };
		330FB826247D2241004F576B /* ViewController.swift */ = {isa = PBXFileReference; lastKnownFileType = sourcecode.swift; path = ViewController.swift; sourceTree = "<group>"; };
		330FB829247D2241004F576B /* Base */ = {isa = PBXFileReference; lastKnownFileType = file.storyboard; name = Base; path = Base.lproj/Main.storyboard; sourceTree = "<group>"; };
		330FB82B247D2245004F576B /* Assets.xcassets */ = {isa = PBXFileReference; lastKnownFileType = folder.assetcatalog; path = Assets.xcassets; sourceTree = "<group>"; };
		330FB82E247D2245004F576B /* Base */ = {isa = PBXFileReference; lastKnownFileType = file.storyboard; name = Base; path = Base.lproj/LaunchScreen.storyboard; sourceTree = "<group>"; };
		330FB830247D2245004F576B /* Info.plist */ = {isa = PBXFileReference; lastKnownFileType = text.plist.xml; path = Info.plist; sourceTree = "<group>"; };
		330FB836247D46FA004F576B /* Comic.swift */ = {isa = PBXFileReference; lastKnownFileType = sourcecode.swift; path = Comic.swift; sourceTree = "<group>"; };
		330FB838247D471D004F576B /* Library.swift */ = {isa = PBXFileReference; lastKnownFileType = sourcecode.swift; path = Library.swift; sourceTree = "<group>"; };
		3383CD9F248144830033E382 /* ComicsTests.xctest */ = {isa = PBXFileReference; explicitFileType = wrapper.cfbundle; includeInIndex = 0; path = ComicsTests.xctest; sourceTree = BUILT_PRODUCTS_DIR; };
		3383CDA1248144830033E382 /* ComicsTests.swift */ = {isa = PBXFileReference; lastKnownFileType = sourcecode.swift; path = ComicsTests.swift; sourceTree = "<group>"; };
		3383CDA3248144830033E382 /* Info.plist */ = {isa = PBXFileReference; lastKnownFileType = text.plist.xml; path = Info.plist; sourceTree = "<group>"; };
		3383CDAD248148F00033E382 /* ComicsUITests.xctest */ = {isa = PBXFileReference; explicitFileType = wrapper.cfbundle; includeInIndex = 0; path = ComicsUITests.xctest; sourceTree = BUILT_PRODUCTS_DIR; };
		3383CDAF248148F00033E382 /* ComicsUITests.swift */ = {isa = PBXFileReference; lastKnownFileType = sourcecode.swift; path = ComicsUITests.swift; sourceTree = "<group>"; };
		3383CDB1248148F00033E382 /* Info.plist */ = {isa = PBXFileReference; lastKnownFileType = text.plist.xml; path = Info.plist; sourceTree = "<group>"; };
		33B1EC35247FA18A00BC8341 /* ComicsTableViewController.swift */ = {isa = PBXFileReference; lastKnownFileType = sourcecode.swift; path = ComicsTableViewController.swift; sourceTree = "<group>"; };
		33B1EC38247FC1CF00BC8341 /* ComicDetailsViewController.swift */ = {isa = PBXFileReference; lastKnownFileType = sourcecode.swift; path = ComicDetailsViewController.swift; sourceTree = SOURCE_ROOT; };
/* End PBXFileReference section */

/* Begin PBXFrameworksBuildPhase section */
		330FB81C247D2241004F576B /* Frameworks */ = {
			isa = PBXFrameworksBuildPhase;
			buildActionMask = 2147483647;
			files = (
			);
			runOnlyForDeploymentPostprocessing = 0;
		};
		3383CD9C248144830033E382 /* Frameworks */ = {
			isa = PBXFrameworksBuildPhase;
			buildActionMask = 2147483647;
			files = (
			);
			runOnlyForDeploymentPostprocessing = 0;
		};
		3383CDAA248148F00033E382 /* Frameworks */ = {
			isa = PBXFrameworksBuildPhase;
			buildActionMask = 2147483647;
			files = (
			);
			runOnlyForDeploymentPostprocessing = 0;
		};
/* End PBXFrameworksBuildPhase section */

/* Begin PBXGroup section */
		330FB816247D2241004F576B = {
			isa = PBXGroup;
			children = (
				330FB821247D2241004F576B /* Comics */,
				3383CDA0248144830033E382 /* ComicsTests */,
				3383CDAE248148F00033E382 /* ComicsUITests */,
				330FB820247D2241004F576B /* Products */,
			);
			sourceTree = "<group>";
		};
		330FB820247D2241004F576B /* Products */ = {
			isa = PBXGroup;
			children = (
				330FB81F247D2241004F576B /* Comics.app */,
				3383CD9F248144830033E382 /* ComicsTests.xctest */,
				3383CDAD248148F00033E382 /* ComicsUITests.xctest */,
			);
			name = Products;
			sourceTree = "<group>";
		};
		330FB821247D2241004F576B /* Comics */ = {
			isa = PBXGroup;
			children = (
				33B1EC38247FC1CF00BC8341 /* ComicDetailsViewController.swift */,
				330FB822247D2241004F576B /* AppDelegate.swift */,
				330FB824247D2241004F576B /* SceneDelegate.swift */,
				330FB826247D2241004F576B /* ViewController.swift */,
				330FB828247D2241004F576B /* Main.storyboard */,
				33B1EC35247FA18A00BC8341 /* ComicsTableViewController.swift */,
				33B1EC37247FA1F000BC8341 /* Models */,
				330FB82B247D2245004F576B /* Assets.xcassets */,
				330FB82D247D2245004F576B /* LaunchScreen.storyboard */,
				330FB830247D2245004F576B /* Info.plist */,
			);
			path = Comics;
			sourceTree = "<group>";
		};
		3383CDA0248144830033E382 /* ComicsTests */ = {
			isa = PBXGroup;
			children = (
				3383CDA1248144830033E382 /* ComicsTests.swift */,
				3383CDA3248144830033E382 /* Info.plist */,
			);
			path = ComicsTests;
			sourceTree = "<group>";
		};
		3383CDAE248148F00033E382 /* ComicsUITests */ = {
			isa = PBXGroup;
			children = (
				3383CDAF248148F00033E382 /* ComicsUITests.swift */,
				3383CDB1248148F00033E382 /* Info.plist */,
			);
			path = ComicsUITests;
			sourceTree = "<group>";
		};
		33B1EC37247FA1F000BC8341 /* Models */ = {
			isa = PBXGroup;
			children = (
				330FB836247D46FA004F576B /* Comic.swift */,
				330FB838247D471D004F576B /* Library.swift */,
			);
			path = Models;
			sourceTree = "<group>";
		};
/* End PBXGroup section */

/* Begin PBXNativeTarget section */
		330FB81E247D2241004F576B /* Comics */ = {
			isa = PBXNativeTarget;
			buildConfigurationList = 330FB833247D2245004F576B /* Build configuration list for PBXNativeTarget "Comics" */;
			buildPhases = (
				330FB81B247D2241004F576B /* Sources */,
				330FB81C247D2241004F576B /* Frameworks */,
				330FB81D247D2241004F576B /* Resources */,
			);
			buildRules = (
			);
			dependencies = (
			);
			name = Comics;
			productName = Comics;
			productReference = 330FB81F247D2241004F576B /* Comics.app */;
			productType = "com.apple.product-type.application";
		};
		3383CD9E248144830033E382 /* ComicsTests */ = {
			isa = PBXNativeTarget;
			buildConfigurationList = 3383CDA8248144830033E382 /* Build configuration list for PBXNativeTarget "ComicsTests" */;
			buildPhases = (
				3383CD9B248144830033E382 /* Sources */,
				3383CD9C248144830033E382 /* Frameworks */,
				3383CD9D248144830033E382 /* Resources */,
			);
			buildRules = (
			);
			dependencies = (
				3383CDA5248144830033E382 /* PBXTargetDependency */,
			);
			name = ComicsTests;
			productName = ComicsTests;
			productReference = 3383CD9F248144830033E382 /* ComicsTests.xctest */;
			productType = "com.apple.product-type.bundle.unit-test";
		};
		3383CDAC248148F00033E382 /* ComicsUITests */ = {
			isa = PBXNativeTarget;
			buildConfigurationList = 3383CDB4248148F00033E382 /* Build configuration list for PBXNativeTarget "ComicsUITests" */;
			buildPhases = (
				3383CDA9248148F00033E382 /* Sources */,
				3383CDAA248148F00033E382 /* Frameworks */,
				3383CDAB248148F00033E382 /* Resources */,
			);
			buildRules = (
			);
			dependencies = (
				3383CDB3248148F00033E382 /* PBXTargetDependency */,
			);
			name = ComicsUITests;
			productName = ComicsUITests;
			productReference = 3383CDAD248148F00033E382 /* ComicsUITests.xctest */;
			productType = "com.apple.product-type.bundle.ui-testing";
		};
/* End PBXNativeTarget section */

/* Begin PBXProject section */
		330FB817247D2241004F576B /* Project object */ = {
			isa = PBXProject;
			attributes = {
				LastSwiftUpdateCheck = 1150;
				LastUpgradeCheck = 1150;
				ORGANIZATIONNAME = Tectec;
				TargetAttributes = {
					330FB81E247D2241004F576B = {
						CreatedOnToolsVersion = 11.5;
					};
					3383CD9E248144830033E382 = {
						CreatedOnToolsVersion = 11.5;
						TestTargetID = 330FB81E247D2241004F576B;
					};
					3383CDAC248148F00033E382 = {
						CreatedOnToolsVersion = 11.5;
						TestTargetID = 330FB81E247D2241004F576B;
					};
				};
			};
			buildConfigurationList = 330FB81A247D2241004F576B /* Build configuration list for PBXProject "Comics" */;
			compatibilityVersion = "Xcode 9.3";
			developmentRegion = en;
			hasScannedForEncodings = 0;
			knownRegions = (
				en,
				Base,
			);
			mainGroup = 330FB816247D2241004F576B;
			productRefGroup = 330FB820247D2241004F576B /* Products */;
			projectDirPath = "";
			projectRoot = "";
			targets = (
				330FB81E247D2241004F576B /* Comics */,
				3383CD9E248144830033E382 /* ComicsTests */,
				3383CDAC248148F00033E382 /* ComicsUITests */,
			);
		};
/* End PBXProject section */

/* Begin PBXResourcesBuildPhase section */
		330FB81D247D2241004F576B /* Resources */ = {
			isa = PBXResourcesBuildPhase;
			buildActionMask = 2147483647;
			files = (
				330FB82F247D2245004F576B /* LaunchScreen.storyboard in Resources */,
				330FB82C247D2245004F576B /* Assets.xcassets in Resources */,
				330FB82A247D2241004F576B /* Main.storyboard in Resources */,
			);
			runOnlyForDeploymentPostprocessing = 0;
		};
		3383CD9D248144830033E382 /* Resources */ = {
			isa = PBXResourcesBuildPhase;
			buildActionMask = 2147483647;
			files = (
			);
			runOnlyForDeploymentPostprocessing = 0;
		};
		3383CDAB248148F00033E382 /* Resources */ = {
			isa = PBXResourcesBuildPhase;
			buildActionMask = 2147483647;
			files = (
			);
			runOnlyForDeploymentPostprocessing = 0;
		};
/* End PBXResourcesBuildPhase section */

/* Begin PBXSourcesBuildPhase section */
		330FB81B247D2241004F576B /* Sources */ = {
			isa = PBXSourcesBuildPhase;
			buildActionMask = 2147483647;
			files = (
				330FB827247D2241004F576B /* ViewController.swift in Sources */,
				330FB837247D46FA004F576B /* Comic.swift in Sources */,
				330FB839247D471D004F576B /* Library.swift in Sources */,
				33B1EC39247FC1CF00BC8341 /* ComicDetailsViewController.swift in Sources */,
				33B1EC36247FA18A00BC8341 /* ComicsTableViewController.swift in Sources */,
				330FB823247D2241004F576B /* AppDelegate.swift in Sources */,
				330FB825247D2241004F576B /* SceneDelegate.swift in Sources */,
			);
			runOnlyForDeploymentPostprocessing = 0;
		};
		3383CD9B248144830033E382 /* Sources */ = {
			isa = PBXSourcesBuildPhase;
			buildActionMask = 2147483647;
			files = (
				3383CDA2248144830033E382 /* ComicsTests.swift in Sources */,
			);
			runOnlyForDeploymentPostprocessing = 0;
		};
		3383CDA9248148F00033E382 /* Sources */ = {
			isa = PBXSourcesBuildPhase;
			buildActionMask = 2147483647;
			files = (
				3383CDB0248148F00033E382 /* ComicsUITests.swift in Sources */,
			);
			runOnlyForDeploymentPostprocessing = 0;
		};
/* End PBXSourcesBuildPhase section */

/* Begin PBXTargetDependency section */
		3383CDA5248144830033E382 /* PBXTargetDependency */ = {
			isa = PBXTargetDependency;
			target = 330FB81E247D2241004F576B /* Comics */;
			targetProxy = 3383CDA4248144830033E382 /* PBXContainerItemProxy */;
		};
		3383CDB3248148F00033E382 /* PBXTargetDependency */ = {
			isa = PBXTargetDependency;
			target = 330FB81E247D2241004F576B /* Comics */;
			targetProxy = 3383CDB2248148F00033E382 /* PBXContainerItemProxy */;
		};
/* End PBXTargetDependency section */

/* Begin PBXVariantGroup section */
		330FB828247D2241004F576B /* Main.storyboard */ = {
			isa = PBXVariantGroup;
			children = (
				330FB829247D2241004F576B /* Base */,
			);
			name = Main.storyboard;
			sourceTree = "<group>";
		};
		330FB82D247D2245004F576B /* LaunchScreen.storyboard */ = {
			isa = PBXVariantGroup;
			children = (
				330FB82E247D2245004F576B /* Base */,
			);
			name = LaunchScreen.storyboard;
			sourceTree = "<group>";
		};
/* End PBXVariantGroup section */

/* Begin XCBuildConfiguration section */
		330FB831247D2245004F576B /* Debug */ = {
			isa = XCBuildConfiguration;
			buildSettings = {
				ALWAYS_SEARCH_USER_PATHS = NO;
				CLANG_ANALYZER_NONNULL = YES;
				CLANG_ANALYZER_NUMBER_OBJECT_CONVERSION = YES_AGGRESSIVE;
				CLANG_CXX_LANGUAGE_STANDARD = "gnu++14";
				CLANG_CXX_LIBRARY = "libc++";
				CLANG_ENABLE_MODULES = YES;
				CLANG_ENABLE_OBJC_ARC = YES;
				CLANG_ENABLE_OBJC_WEAK = YES;
				CLANG_WARN_BLOCK_CAPTURE_AUTORELEASING = YES;
				CLANG_WARN_BOOL_CONVERSION = YES;
				CLANG_WARN_COMMA = YES;
				CLANG_WARN_CONSTANT_CONVERSION = YES;
				CLANG_WARN_DEPRECATED_OBJC_IMPLEMENTATIONS = YES;
				CLANG_WARN_DIRECT_OBJC_ISA_USAGE = YES_ERROR;
				CLANG_WARN_DOCUMENTATION_COMMENTS = YES;
				CLANG_WARN_EMPTY_BODY = YES;
				CLANG_WARN_ENUM_CONVERSION = YES;
				CLANG_WARN_INFINITE_RECURSION = YES;
				CLANG_WARN_INT_CONVERSION = YES;
				CLANG_WARN_NON_LITERAL_NULL_CONVERSION = YES;
				CLANG_WARN_OBJC_IMPLICIT_RETAIN_SELF = YES;
				CLANG_WARN_OBJC_LITERAL_CONVERSION = YES;
				CLANG_WARN_OBJC_ROOT_CLASS = YES_ERROR;
				CLANG_WARN_RANGE_LOOP_ANALYSIS = YES;
				CLANG_WARN_STRICT_PROTOTYPES = YES;
				CLANG_WARN_SUSPICIOUS_MOVE = YES;
				CLANG_WARN_UNGUARDED_AVAILABILITY = YES_AGGRESSIVE;
				CLANG_WARN_UNREACHABLE_CODE = YES;
				CLANG_WARN__DUPLICATE_METHOD_MATCH = YES;
				COPY_PHASE_STRIP = NO;
				DEBUG_INFORMATION_FORMAT = dwarf;
				ENABLE_STRICT_OBJC_MSGSEND = YES;
				ENABLE_TESTABILITY = YES;
				GCC_C_LANGUAGE_STANDARD = gnu11;
				GCC_DYNAMIC_NO_PIC = NO;
				GCC_NO_COMMON_BLOCKS = YES;
				GCC_OPTIMIZATION_LEVEL = 0;
				GCC_PREPROCESSOR_DEFINITIONS = (
					"DEBUG=1",
					"$(inherited)",
				);
				GCC_WARN_64_TO_32_BIT_CONVERSION = YES;
				GCC_WARN_ABOUT_RETURN_TYPE = YES_ERROR;
				GCC_WARN_UNDECLARED_SELECTOR = YES;
				GCC_WARN_UNINITIALIZED_AUTOS = YES_AGGRESSIVE;
				GCC_WARN_UNUSED_FUNCTION = YES;
				GCC_WARN_UNUSED_VARIABLE = YES;
				IPHONEOS_DEPLOYMENT_TARGET = 13.5;
				MTL_ENABLE_DEBUG_INFO = INCLUDE_SOURCE;
				MTL_FAST_MATH = YES;
				ONLY_ACTIVE_ARCH = YES;
				SDKROOT = iphoneos;
				SWIFT_ACTIVE_COMPILATION_CONDITIONS = DEBUG;
				SWIFT_OPTIMIZATION_LEVEL = "-Onone";
			};
			name = Debug;
		};
		330FB832247D2245004F576B /* Release */ = {
			isa = XCBuildConfiguration;
			buildSettings = {
				ALWAYS_SEARCH_USER_PATHS = NO;
				CLANG_ANALYZER_NONNULL = YES;
				CLANG_ANALYZER_NUMBER_OBJECT_CONVERSION = YES_AGGRESSIVE;
				CLANG_CXX_LANGUAGE_STANDARD = "gnu++14";
				CLANG_CXX_LIBRARY = "libc++";
				CLANG_ENABLE_MODULES = YES;
				CLANG_ENABLE_OBJC_ARC = YES;
				CLANG_ENABLE_OBJC_WEAK = YES;
				CLANG_WARN_BLOCK_CAPTURE_AUTORELEASING = YES;
				CLANG_WARN_BOOL_CONVERSION = YES;
				CLANG_WARN_COMMA = YES;
				CLANG_WARN_CONSTANT_CONVERSION = YES;
				CLANG_WARN_DEPRECATED_OBJC_IMPLEMENTATIONS = YES;
				CLANG_WARN_DIRECT_OBJC_ISA_USAGE = YES_ERROR;
				CLANG_WARN_DOCUMENTATION_COMMENTS = YES;
				CLANG_WARN_EMPTY_BODY = YES;
				CLANG_WARN_ENUM_CONVERSION = YES;
				CLANG_WARN_INFINITE_RECURSION = YES;
				CLANG_WARN_INT_CONVERSION = YES;
				CLANG_WARN_NON_LITERAL_NULL_CONVERSION = YES;
				CLANG_WARN_OBJC_IMPLICIT_RETAIN_SELF = YES;
				CLANG_WARN_OBJC_LITERAL_CONVERSION = YES;
				CLANG_WARN_OBJC_ROOT_CLASS = YES_ERROR;
				CLANG_WARN_RANGE_LOOP_ANALYSIS = YES;
				CLANG_WARN_STRICT_PROTOTYPES = YES;
				CLANG_WARN_SUSPICIOUS_MOVE = YES;
				CLANG_WARN_UNGUARDED_AVAILABILITY = YES_AGGRESSIVE;
				CLANG_WARN_UNREACHABLE_CODE = YES;
				CLANG_WARN__DUPLICATE_METHOD_MATCH = YES;
				COPY_PHASE_STRIP = NO;
				DEBUG_INFORMATION_FORMAT = "dwarf-with-dsym";
				ENABLE_NS_ASSERTIONS = NO;
				ENABLE_STRICT_OBJC_MSGSEND = YES;
				GCC_C_LANGUAGE_STANDARD = gnu11;
				GCC_NO_COMMON_BLOCKS = YES;
				GCC_WARN_64_TO_32_BIT_CONVERSION = YES;
				GCC_WARN_ABOUT_RETURN_TYPE = YES_ERROR;
				GCC_WARN_UNDECLARED_SELECTOR = YES;
				GCC_WARN_UNINITIALIZED_AUTOS = YES_AGGRESSIVE;
				GCC_WARN_UNUSED_FUNCTION = YES;
				GCC_WARN_UNUSED_VARIABLE = YES;
				IPHONEOS_DEPLOYMENT_TARGET = 13.5;
				MTL_ENABLE_DEBUG_INFO = NO;
				MTL_FAST_MATH = YES;
				SDKROOT = iphoneos;
				SWIFT_COMPILATION_MODE = wholemodule;
				SWIFT_OPTIMIZATION_LEVEL = "-O";
				VALIDATE_PRODUCT = YES;
			};
			name = Release;
		};
		330FB834247D2245004F576B /* Debug */ = {
			isa = XCBuildConfiguration;
			buildSettings = {
				ASSETCATALOG_COMPILER_APPICON_NAME = AppIcon;
				CODE_SIGN_STYLE = Automatic;
				DEVELOPMENT_TEAM = A7SGM6JEMA;
				INFOPLIST_FILE = Comics/Info.plist;
				IPHONEOS_DEPLOYMENT_TARGET = 13.0;
				LD_RUNPATH_SEARCH_PATHS = (
					"$(inherited)",
					"@executable_path/Frameworks",
				);
				PRODUCT_BUNDLE_IDENTIFIER = fr.tectec.humancoders.may20.Comics;
				PRODUCT_NAME = "$(TARGET_NAME)";
				SWIFT_VERSION = 5.0;
				TARGETED_DEVICE_FAMILY = "1,2";
			};
			name = Debug;
		};
		330FB835247D2245004F576B /* Release */ = {
			isa = XCBuildConfiguration;
			buildSettings = {
				ASSETCATALOG_COMPILER_APPICON_NAME = AppIcon;
				CODE_SIGN_STYLE = Automatic;
				DEVELOPMENT_TEAM = A7SGM6JEMA;
				INFOPLIST_FILE = Comics/Info.plist;
				IPHONEOS_DEPLOYMENT_TARGET = 13.0;
				LD_RUNPATH_SEARCH_PATHS = (
					"$(inherited)",
					"@executable_path/Frameworks",
				);
				PRODUCT_BUNDLE_IDENTIFIER = fr.tectec.humancoders.may20.Comics;
				PRODUCT_NAME = "$(TARGET_NAME)";
				SWIFT_VERSION = 5.0;
				TARGETED_DEVICE_FAMILY = "1,2";
			};
			name = Release;
		};
		3383CDA6248144830033E382 /* Debug */ = {
			isa = XCBuildConfiguration;
			buildSettings = {
				BUNDLE_LOADER = "$(TEST_HOST)";
				CODE_SIGN_STYLE = Automatic;
				DEVELOPMENT_TEAM = A7SGM6JEMA;
				INFOPLIST_FILE = ComicsTests/Info.plist;
				LD_RUNPATH_SEARCH_PATHS = (
					"$(inherited)",
					"@executable_path/Frameworks",
					"@loader_path/Frameworks",
				);
				PRODUCT_BUNDLE_IDENTIFIER = fr.tectec.humancoders.may20.ComicsTests;
				PRODUCT_NAME = "$(TARGET_NAME)";
				SWIFT_VERSION = 5.0;
				TARGETED_DEVICE_FAMILY = "1,2";
				TEST_HOST = "$(BUILT_PRODUCTS_DIR)/Comics.app/Comics";
			};
			name = Debug;
		};
		3383CDA7248144830033E382 /* Release */ = {
			isa = XCBuildConfiguration;
			buildSettings = {
				BUNDLE_LOADER = "$(TEST_HOST)";
				CODE_SIGN_STYLE = Automatic;
				DEVELOPMENT_TEAM = A7SGM6JEMA;
				INFOPLIST_FILE = ComicsTests/Info.plist;
				LD_RUNPATH_SEARCH_PATHS = (
					"$(inherited)",
					"@executable_path/Frameworks",
					"@loader_path/Frameworks",
				);
				PRODUCT_BUNDLE_IDENTIFIER = fr.tectec.humancoders.may20.ComicsTests;
				PRODUCT_NAME = "$(TARGET_NAME)";
				SWIFT_VERSION = 5.0;
				TARGETED_DEVICE_FAMILY = "1,2";
				TEST_HOST = "$(BUILT_PRODUCTS_DIR)/Comics.app/Comics";
			};
			name = Release;
		};
		3383CDB5248148F00033E382 /* Debug */ = {
			isa = XCBuildConfiguration;
			buildSettings = {
				CODE_SIGN_STYLE = Automatic;
				DEVELOPMENT_TEAM = A7SGM6JEMA;
				INFOPLIST_FILE = ComicsUITests/Info.plist;
				LD_RUNPATH_SEARCH_PATHS = (
					"$(inherited)",
					"@executable_path/Frameworks",
					"@loader_path/Frameworks",
				);
				PRODUCT_BUNDLE_IDENTIFIER = fr.tectec.humancoders.may20.ComicsUITests;
				PRODUCT_NAME = "$(TARGET_NAME)";
				SWIFT_VERSION = 5.0;
				TARGETED_DEVICE_FAMILY = "1,2";
				TEST_TARGET_NAME = Comics;
			};
			name = Debug;
		};
		3383CDB6248148F00033E382 /* Release */ = {
			isa = XCBuildConfiguration;
			buildSettings = {
				CODE_SIGN_STYLE = Automatic;
				DEVELOPMENT_TEAM = A7SGM6JEMA;
				INFOPLIST_FILE = ComicsUITests/Info.plist;
				LD_RUNPATH_SEARCH_PATHS = (
					"$(inherited)",
					"@executable_path/Frameworks",
					"@loader_path/Frameworks",
				);
				PRODUCT_BUNDLE_IDENTIFIER = fr.tectec.humancoders.may20.ComicsUITests;
				PRODUCT_NAME = "$(TARGET_NAME)";
				SWIFT_VERSION = 5.0;
				TARGETED_DEVICE_FAMILY = "1,2";
				TEST_TARGET_NAME = Comics;
			};
			name = Release;
		};
/* End XCBuildConfiguration section */

/* Begin XCConfigurationList section */
		330FB81A247D2241004F576B /* Build configuration list for PBXProject "Comics" */ = {
			isa = XCConfigurationList;
			buildConfigurations = (
				330FB831247D2245004F576B /* Debug */,
				330FB832247D2245004F576B /* Release */,
			);
			defaultConfigurationIsVisible = 0;
			defaultConfigurationName = Release;
		};
		330FB833247D2245004F576B /* Build configuration list for PBXNativeTarget "Comics" */ = {
			isa = XCConfigurationList;
			buildConfigurations = (
				330FB834247D2245004F576B /* Debug */,
				330FB835247D2245004F576B /* Release */,
			);
			defaultConfigurationIsVisible = 0;
			defaultConfigurationName = Release;
		};
		3383CDA8248144830033E382 /* Build configuration list for PBXNativeTarget "ComicsTests" */ = {
			isa = XCConfigurationList;
			buildConfigurations = (
				3383CDA6248144830033E382 /* Debug */,
				3383CDA7248144830033E382 /* Release */,
			);
			defaultConfigurationIsVisible = 0;
			defaultConfigurationName = Release;
		};
		3383CDB4248148F00033E382 /* Build configuration list for PBXNativeTarget "ComicsUITests" */ = {
			isa = XCConfigurationList;
			buildConfigurations = (
				3383CDB5248148F00033E382 /* Debug */,
				3383CDB6248148F00033E382 /* Release */,
			);
			defaultConfigurationIsVisible = 0;
			defaultConfigurationName = Release;
		};
/* End XCConfigurationList section */
	};
	rootObject = 330FB817247D2241004F576B /* Project object */;
}
